[{<<"common">>,
  {git,"https://github.com/joq62/common.git",
       {ref,"2b62fe725cf7ef5bb237e3ddaccfe2223e538458"}},
  0},
 {<<"config">>,
  {git,"https://github.com/joq62/config.git",
       {ref,"ae789bbfa77d5dad66b73733d12e5bcec386d5a9"}},
  0},
 {<<"nodelog">>,
  {git,"https://github.com/joq62/nodelog.git",
       {ref,"67c49d833690ea85ce151359f7824cff6c3478d8"}},
  0},
 {<<"sd">>,
  {git,"https://github.com/joq62/sd.git",
       {ref,"c54d04552fefce0f813117e4c55739d989a9bdd4"}},
  0}].
