[{<<"common">>,
  {git,"https://github.com/joq62/common.git",
       {ref,"bb96e8022ae67d1ab03538d128578610c0897c72"}},
  0},
 {<<"config">>,
  {git,"https://github.com/joq62/config.git",
       {ref,"f27eeaf626b1c1d3c8e4f5327c374723eae9371f"}},
  0},
 {<<"nodelog">>,
  {git,"https://github.com/joq62/nodelog.git",
       {ref,"67c49d833690ea85ce151359f7824cff6c3478d8"}},
  0},
 {<<"sd">>,
  {git,"https://github.com/joq62/sd.git",
       {ref,"c54d04552fefce0f813117e4c55739d989a9bdd4"}},
  0}].
